
Microsoft Visual Studio Solution File, Format Version 12.00
# Visual Studio Version 16
VisualStudioVersion = 16.0.29209.62
MinimumVisualStudioVersion = 10.0.40219.1
Project("{FAE04EC0-301F-11D3-BF4B-00C04F79EFBC}") = "crucigramaWinForms", "crucigramaWinForms\crucigramaWinForms.csproj", "{5CACF690-32DB-4C0C-AE77-0231DB985F21}"
EndProject
Global
	GlobalSection(SolutionConfigurationPlatforms) = preSolution
		Debug|Any CPU = Debug|Any CPU
		Release|Any CPU = Release|Any CPU
	EndGlobalSection
	GlobalSection(ProjectConfigurationPlatforms) = postSolution
		{5CACF690-32DB-4C0C-AE77-0231DB985F21}.Debug|Any CPU.ActiveCfg = Debug|Any CPU
		{5CACF690-32DB-4C0C-AE77-0231DB985F21}.Debug|Any CPU.Build.0 = Debug|Any CPU
		{5CACF690-32DB-4C0C-AE77-0231DB985F21}.Release|Any CPU.ActiveCfg = Release|Any CPU
		{5CACF690-32DB-4C0C-AE77-0231DB985F21}.Release|Any CPU.Build.0 = Release|Any CPU
	EndGlobalSection
	GlobalSection(SolutionProperties) = preSolution
		HideSolutionNode = FALSE
	EndGlobalSection
	GlobalSection(ExtensibilityGlobals) = postSolution
		SolutionGuid = {0F0AEC5C-371F-4180-B61C-CCA751A048DA}
	EndGlobalSection
EndGlobal
